{
  "name": "9c86b1b84ee96794",
  "lockfileVersion": 3,
  "requires": true,
  "packages": {
    "": {
      "dependencies": {
        "create-next-app": "^13.5.6"
      }
    },
    "node_modules/create-next-app": {
      "version": "13.5.6",
      "resolved": "https://registry.npmjs.org/create-next-app/-/create-next-app-13.5.6.tgz",
      "integrity": "sha512-nIwQkqR4i21woWZIfPhj79vz57FCLYw3bSqXH18eHlHPnYg5J2waDQM5eofqNBplnQc0m1IWZug9axh2X16MkQ==",
      "license": "MIT",
      "bin": {
        "create-next-app": "dist/index.js"
      },
      "engines": {
        "node": ">=16.14.0"
      }
    }
  }
}
